
Microsoft Visual Studio Solution File, Format Version 12.00
# Visual Studio Version 16
VisualStudioVersion = 16.0.30406.217
MinimumVisualStudioVersion = 10.0.40219.1
Project("{FAE04EC0-301F-11D3-BF4B-00C04F79EFBC}") = "KeyStore", "KeyStore\KeyStore.csproj", "{DF487D4F-CAE2-4FC6-9C98-F4FA332B258A}"
EndProject
Global
	GlobalSection(SolutionConfigurationPlatforms) = preSolution
		Debug|Any CPU = Debug|Any CPU
		Release|Any CPU = Release|Any CPU
	EndGlobalSection
	GlobalSection(ProjectConfigurationPlatforms) = postSolution
		{DF487D4F-CAE2-4FC6-9C98-F4FA332B258A}.Debug|Any CPU.ActiveCfg = Debug|Any CPU
		{DF487D4F-CAE2-4FC6-9C98-F4FA332B258A}.Debug|Any CPU.Build.0 = Debug|Any CPU
		{DF487D4F-CAE2-4FC6-9C98-F4FA332B258A}.Release|Any CPU.ActiveCfg = Release|Any CPU
		{DF487D4F-CAE2-4FC6-9C98-F4FA332B258A}.Release|Any CPU.Build.0 = Release|Any CPU
	EndGlobalSection
	GlobalSection(SolutionProperties) = preSolution
		HideSolutionNode = FALSE
	EndGlobalSection
	GlobalSection(ExtensibilityGlobals) = postSolution
		SolutionGuid = {D6CF15A4-5D40-4BD3-A04E-7E9B77C3C7E1}
	EndGlobalSection
EndGlobal
