
Microsoft Visual Studio Solution File, Format Version 12.00
# Visual Studio 15
VisualStudioVersion = 15.0.28307.1321
MinimumVisualStudioVersion = 10.0.40219.1
Project("{FAE04EC0-301F-11D3-BF4B-00C04F79EFBC}") = "KeyStore.Entities", "KeyStore.Entities\KeyStore.Entities.csproj", "{F6338F18-92D8-4073-91B2-F173BF25D1D2}"
EndProject
Project("{FAE04EC0-301F-11D3-BF4B-00C04F79EFBC}") = "KeyStore.DataAccess", "KeyStore.DataAccess\KeyStore.DataAccess.csproj", "{87B4D076-B6A6-4989-B8B7-19CDA0DEA214}"
EndProject
Project("{FAE04EC0-301F-11D3-BF4B-00C04F79EFBC}") = "KeyStore.Business", "KeyStore.Business\KeyStore.Business.csproj", "{BB1D7C2B-028C-40E8-9058-711C1432BAFE}"
EndProject
Project("{FAE04EC0-301F-11D3-BF4B-00C04F79EFBC}") = "KeyStore.Api", "KeyStore.Api\KeyStore.Api.csproj", "{0B105D52-9736-42E7-88B7-4D0D2AB4D506}"
EndProject
Global
	GlobalSection(SolutionConfigurationPlatforms) = preSolution
		Debug|Any CPU = Debug|Any CPU
		Release|Any CPU = Release|Any CPU
	EndGlobalSection
	GlobalSection(ProjectConfigurationPlatforms) = postSolution
		{F6338F18-92D8-4073-91B2-F173BF25D1D2}.Debug|Any CPU.ActiveCfg = Debug|Any CPU
		{F6338F18-92D8-4073-91B2-F173BF25D1D2}.Debug|Any CPU.Build.0 = Debug|Any CPU
		{F6338F18-92D8-4073-91B2-F173BF25D1D2}.Release|Any CPU.ActiveCfg = Release|Any CPU
		{F6338F18-92D8-4073-91B2-F173BF25D1D2}.Release|Any CPU.Build.0 = Release|Any CPU
		{87B4D076-B6A6-4989-B8B7-19CDA0DEA214}.Debug|Any CPU.ActiveCfg = Debug|Any CPU
		{87B4D076-B6A6-4989-B8B7-19CDA0DEA214}.Debug|Any CPU.Build.0 = Debug|Any CPU
		{87B4D076-B6A6-4989-B8B7-19CDA0DEA214}.Release|Any CPU.ActiveCfg = Release|Any CPU
		{87B4D076-B6A6-4989-B8B7-19CDA0DEA214}.Release|Any CPU.Build.0 = Release|Any CPU
		{BB1D7C2B-028C-40E8-9058-711C1432BAFE}.Debug|Any CPU.ActiveCfg = Debug|Any CPU
		{BB1D7C2B-028C-40E8-9058-711C1432BAFE}.Debug|Any CPU.Build.0 = Debug|Any CPU
		{BB1D7C2B-028C-40E8-9058-711C1432BAFE}.Release|Any CPU.ActiveCfg = Release|Any CPU
		{BB1D7C2B-028C-40E8-9058-711C1432BAFE}.Release|Any CPU.Build.0 = Release|Any CPU
		{0B105D52-9736-42E7-88B7-4D0D2AB4D506}.Debug|Any CPU.ActiveCfg = Debug|Any CPU
		{0B105D52-9736-42E7-88B7-4D0D2AB4D506}.Debug|Any CPU.Build.0 = Debug|Any CPU
		{0B105D52-9736-42E7-88B7-4D0D2AB4D506}.Release|Any CPU.ActiveCfg = Release|Any CPU
		{0B105D52-9736-42E7-88B7-4D0D2AB4D506}.Release|Any CPU.Build.0 = Release|Any CPU
	EndGlobalSection
	GlobalSection(SolutionProperties) = preSolution
		HideSolutionNode = FALSE
	EndGlobalSection
	GlobalSection(ExtensibilityGlobals) = postSolution
		SolutionGuid = {114A7193-1FF7-41E9-AEC0-EC7EB4668104}
	EndGlobalSection
EndGlobal
